// !$*UTF8*$!
{
	archiveVersion = 1;
	classes = {
	};
	objectVersion = 46;
	objects = {

/* Begin PBXBuildFile section */
		1214056F14BACF7F005B87D3 /* Icon.png in Resources */ = {isa = PBXBuildFile; fileRef = 1214056E14BACF7F005B87D3 /* Icon.png */; };
		121D38AE14BF0205001FC7A0 /* choosePhoto.png in Resources */ = {isa = PBXBuildFile; fileRef = 121D38AD14BF0205001FC7A0 /* choosePhoto.png */; };
		121D38BA14BF0429001FC7A0 /* ios-5-recipes.xcdatamodel in Sources */ = {isa = PBXBuildFile; fileRef = 121D38B914BF0429001FC7A0 /* ios-5-recipes.xcdatamodel */; };
		121D38BC14BF1D0F001FC7A0 /* README in Resources */ = {isa = PBXBuildFile; fileRef = 121D38BB14BF1D0F001FC7A0 /* README */; };
		1229E0D214BF24D600A5760B /* main-iphone.storyboard in Resources */ = {isa = PBXBuildFile; fileRef = 1229E0D014BF24D600A5760B /* main-iphone.storyboard */; };
		1229E0D514BF24FC00A5760B /* AppDelegate.m in Sources */ = {isa = PBXBuildFile; fileRef = 1229E0D414BF24FC00A5760B /* AppDelegate.m */; };
		1229E0DC14BF251A00A5760B /* ImageToDataTransformer.m in Sources */ = {isa = PBXBuildFile; fileRef = 1229E0D714BF251A00A5760B /* ImageToDataTransformer.m */; };
		1229E0DD14BF251A00A5760B /* Ingredient.m in Sources */ = {isa = PBXBuildFile; fileRef = 1229E0D914BF251A00A5760B /* Ingredient.m */; };
		1229E0DE14BF251A00A5760B /* Recipe.m in Sources */ = {isa = PBXBuildFile; fileRef = 1229E0DB14BF251A00A5760B /* Recipe.m */; };
		1229E0E414BF255B00A5760B /* TemperatureConverterViewController.m in Sources */ = {isa = PBXBuildFile; fileRef = 1229E0E014BF255B00A5760B /* TemperatureConverterViewController.m */; };
		1229E0E514BF255B00A5760B /* UIConverterTableViewController.m in Sources */ = {isa = PBXBuildFile; fileRef = 1229E0E114BF255B00A5760B /* UIConverterTableViewController.m */; };
		1229E0E614BF255B00A5760B /* WeightConverterViewController.m in Sources */ = {isa = PBXBuildFile; fileRef = 1229E0E314BF255B00A5760B /* WeightConverterViewController.m */; };
		1229E0EB14BF257900A5760B /* ImperialPickerController.m in Sources */ = {isa = PBXBuildFile; fileRef = 1229E0E814BF257900A5760B /* ImperialPickerController.m */; };
		1229E0EC14BF257900A5760B /* MetricPickerController.m in Sources */ = {isa = PBXBuildFile; fileRef = 1229E0EA14BF257900A5760B /* MetricPickerController.m */; };
		1229E0F614BF25BC00A5760B /* RecipeAddViewController.m in Sources */ = {isa = PBXBuildFile; fileRef = 1229E0EF14BF25BC00A5760B /* RecipeAddViewController.m */; };
		1229E0F714BF25BC00A5760B /* RecipeDetailViewController.m in Sources */ = {isa = PBXBuildFile; fileRef = 1229E0F114BF25BC00A5760B /* RecipeDetailViewController.m */; };
		1229E0F814BF25BC00A5760B /* RecipeListTableViewController.m in Sources */ = {isa = PBXBuildFile; fileRef = 1229E0F314BF25BC00A5760B /* RecipeListTableViewController.m */; };
		1229E0F914BF25BC00A5760B /* RecipePhotoViewController.m in Sources */ = {isa = PBXBuildFile; fileRef = 1229E0F514BF25BC00A5760B /* RecipePhotoViewController.m */; };
		1229E10014BF25D700A5760B /* IngredientDetailViewController.m in Sources */ = {isa = PBXBuildFile; fileRef = 1229E0FB14BF25D700A5760B /* IngredientDetailViewController.m */; };
		1229E10114BF25D700A5760B /* InstructionsViewController.m in Sources */ = {isa = PBXBuildFile; fileRef = 1229E0FD14BF25D700A5760B /* InstructionsViewController.m */; };
		1229E10214BF25D700A5760B /* TypeSelectorViewController.m in Sources */ = {isa = PBXBuildFile; fileRef = 1229E0FF14BF25D700A5760B /* TypeSelectorViewController.m */; };
		1229E10914BF261200A5760B /* EditingTableViewCell.m in Sources */ = {isa = PBXBuildFile; fileRef = 1229E10414BF261200A5760B /* EditingTableViewCell.m */; };
		1229E10A14BF261200A5760B /* RecipeTableViewCell.m in Sources */ = {isa = PBXBuildFile; fileRef = 1229E10614BF261200A5760B /* RecipeTableViewCell.m */; };
		1229E10B14BF261200A5760B /* TemperatureCell.m in Sources */ = {isa = PBXBuildFile; fileRef = 1229E10814BF261200A5760B /* TemperatureCell.m */; };
		1229E10E14BF263000A5760B /* Recipes.sqlite in Resources */ = {isa = PBXBuildFile; fileRef = 1229E10C14BF263000A5760B /* Recipes.sqlite */; };
		1229E10F14BF263000A5760B /* TemperatureData.plist in Resources */ = {isa = PBXBuildFile; fileRef = 1229E10D14BF263000A5760B /* TemperatureData.plist */; };
		1229E11514BF266200A5760B /* main.m in Sources */ = {isa = PBXBuildFile; fileRef = 1229E11314BF266200A5760B /* main.m */; };
		12421CA714BACE5700C23802 /* convert.png in Resources */ = {isa = PBXBuildFile; fileRef = 12421C9F14BACE5700C23802 /* convert.png */; };
		12421CA814BACE5700C23802 /* fork.png in Resources */ = {isa = PBXBuildFile; fileRef = 12421CA014BACE5700C23802 /* fork.png */; };
		12421CA914BACE5700C23802 /* Icon-72.png in Resources */ = {isa = PBXBuildFile; fileRef = 12421CA114BACE5700C23802 /* Icon-72.png */; };
		12421CAA14BACE5700C23802 /* Icon-Small-50.png in Resources */ = {isa = PBXBuildFile; fileRef = 12421CA214BACE5700C23802 /* Icon-Small-50.png */; };
		12421CAB14BACE5700C23802 /* Icon-Small.png in Resources */ = {isa = PBXBuildFile; fileRef = 12421CA314BACE5700C23802 /* Icon-Small.png */; };
		12421CAC14BACE5700C23802 /* Icon-Small@2x.png in Resources */ = {isa = PBXBuildFile; fileRef = 12421CA414BACE5700C23802 /* Icon-Small@2x.png */; };
		129ED08B14BAB87700E3DF63 /* UIKit.framework in Frameworks */ = {isa = PBXBuildFile; fileRef = 129ED08A14BAB87700E3DF63 /* UIKit.framework */; };
		129ED08D14BAB87700E3DF63 /* Foundation.framework in Frameworks */ = {isa = PBXBuildFile; fileRef = 129ED08C14BAB87700E3DF63 /* Foundation.framework */; };
		129ED08F14BAB87700E3DF63 /* CoreGraphics.framework in Frameworks */ = {isa = PBXBuildFile; fileRef = 129ED08E14BAB87700E3DF63 /* CoreGraphics.framework */; };
		129ED10714BACAE600E3DF63 /* CoreData.framework in Frameworks */ = {isa = PBXBuildFile; fileRef = 129ED10614BACAE600E3DF63 /* CoreData.framework */; };
		12DC81AB14BF29BE00762181 /* iOS-5-Recipes-Info.plist in Resources */ = {isa = PBXBuildFile; fileRef = 12DC81A914BF29BE00762181 /* iOS-5-Recipes-Info.plist */; };
/* End PBXBuildFile section */

/* Begin PBXFileReference section */
		1214056E14BACF7F005B87D3 /* Icon.png */ = {isa = PBXFileReference; lastKnownFileType = image.png; name = Icon.png; path = Resources/Icon.png; sourceTree = "<group>"; };
		121D38AD14BF0205001FC7A0 /* choosePhoto.png */ = {isa = PBXFileReference; lastKnownFileType = image.png; name = choosePhoto.png; path = Resources/choosePhoto.png; sourceTree = "<group>"; };
		121D38B914BF0429001FC7A0 /* ios-5-recipes.xcdatamodel */ = {isa = PBXFileReference; lastKnownFileType = wrapper.xcdatamodel; path = "ios-5-recipes.xcdatamodel"; sourceTree = "<group>"; };
		121D38BB14BF1D0F001FC7A0 /* README */ = {isa = PBXFileReference; fileEncoding = 4; lastKnownFileType = text; path = README; sourceTree = "<group>"; };
		1229E0D114BF24D600A5760B /* en */ = {isa = PBXFileReference; lastKnownFileType = file.storyboard; name = en; path = "Classes/en.lproj/main-iphone.storyboard"; sourceTree = "<group>"; };
		1229E0D314BF24FC00A5760B /* AppDelegate.h */ = {isa = PBXFileReference; fileEncoding = 4; lastKnownFileType = sourcecode.c.h; name = AppDelegate.h; path = Classes/AppDelegate.h; sourceTree = "<group>"; };
		1229E0D414BF24FC00A5760B /* AppDelegate.m */ = {isa = PBXFileReference; fileEncoding = 4; lastKnownFileType = sourcecode.c.objc; name = AppDelegate.m; path = Classes/AppDelegate.m; sourceTree = "<group>"; };
		1229E0D614BF251A00A5760B /* ImageToDataTransformer.h */ = {isa = PBXFileReference; fileEncoding = 4; lastKnownFileType = sourcecode.c.h; name = ImageToDataTransformer.h; path = Classes/ImageToDataTransformer.h; sourceTree = "<group>"; };
		1229E0D714BF251A00A5760B /* ImageToDataTransformer.m */ = {isa = PBXFileReference; fileEncoding = 4; lastKnownFileType = sourcecode.c.objc; name = ImageToDataTransformer.m; path = Classes/ImageToDataTransformer.m; sourceTree = "<group>"; };
		1229E0D814BF251A00A5760B /* Ingredient.h */ = {isa = PBXFileReference; fileEncoding = 4; lastKnownFileType = sourcecode.c.h; name = Ingredient.h; path = Classes/Ingredient.h; sourceTree = "<group>"; };
		1229E0D914BF251A00A5760B /* Ingredient.m */ = {isa = PBXFileReference; fileEncoding = 4; lastKnownFileType = sourcecode.c.objc; name = Ingredient.m; path = Classes/Ingredient.m; sourceTree = "<group>"; };
		1229E0DA14BF251A00A5760B /* Recipe.h */ = {isa = PBXFileReference; fileEncoding = 4; lastKnownFileType = sourcecode.c.h; name = Recipe.h; path = Classes/Recipe.h; sourceTree = "<group>"; };
		1229E0DB14BF251A00A5760B /* Recipe.m */ = {isa = PBXFileReference; fileEncoding = 4; lastKnownFileType = sourcecode.c.objc; name = Recipe.m; path = Classes/Recipe.m; sourceTree = "<group>"; };
		1229E0DF14BF255B00A5760B /* TemperatureConverterViewController.h */ = {isa = PBXFileReference; fileEncoding = 4; lastKnownFileType = sourcecode.c.h; name = TemperatureConverterViewController.h; path = Classes/TemperatureConverterViewController.h; sourceTree = "<group>"; };
		1229E0E014BF255B00A5760B /* TemperatureConverterViewController.m */ = {isa = PBXFileReference; fileEncoding = 4; lastKnownFileType = sourcecode.c.objc; name = TemperatureConverterViewController.m; path = Classes/TemperatureConverterViewController.m; sourceTree = "<group>"; };
		1229E0E114BF255B00A5760B /* UIConverterTableViewController.m */ = {isa = PBXFileReference; fileEncoding = 4; lastKnownFileType = sourcecode.c.objc; name = UIConverterTableViewController.m; path = Classes/UIConverterTableViewController.m; sourceTree = "<group>"; };
		1229E0E214BF255B00A5760B /* WeightConverterViewController.h */ = {isa = PBXFileReference; fileEncoding = 4; lastKnownFileType = sourcecode.c.h; name = WeightConverterViewController.h; path = Classes/WeightConverterViewController.h; sourceTree = "<group>"; };
		1229E0E314BF255B00A5760B /* WeightConverterViewController.m */ = {isa = PBXFileReference; fileEncoding = 4; lastKnownFileType = sourcecode.c.objc; name = WeightConverterViewController.m; path = Classes/WeightConverterViewController.m; sourceTree = "<group>"; };
		1229E0E714BF257900A5760B /* ImperialPickerController.h */ = {isa = PBXFileReference; fileEncoding = 4; lastKnownFileType = sourcecode.c.h; name = ImperialPickerController.h; path = Classes/ImperialPickerController.h; sourceTree = "<group>"; };
		1229E0E814BF257900A5760B /* ImperialPickerController.m */ = {isa = PBXFileReference; fileEncoding = 4; lastKnownFileType = sourcecode.c.objc; name = ImperialPickerController.m; path = Classes/ImperialPickerController.m; sourceTree = "<group>"; };
		1229E0E914BF257900A5760B /* MetricPickerController.h */ = {isa = PBXFileReference; fileEncoding = 4; lastKnownFileType = sourcecode.c.h; name = MetricPickerController.h; path = Classes/MetricPickerController.h; sourceTree = "<group>"; };
		1229E0EA14BF257900A5760B /* MetricPickerController.m */ = {isa = PBXFileReference; fileEncoding = 4; lastKnownFileType = sourcecode.c.objc; name = MetricPickerController.m; path = Classes/MetricPickerController.m; sourceTree = "<group>"; };
		1229E0ED14BF259C00A5760B /* UIConverterTableViewController.h */ = {isa = PBXFileReference; fileEncoding = 4; lastKnownFileType = sourcecode.c.h; name = UIConverterTableViewController.h; path = Classes/UIConverterTableViewController.h; sourceTree = "<group>"; };
		1229E0EE14BF25BC00A5760B /* RecipeAddViewController.h */ = {isa = PBXFileReference; fileEncoding = 4; lastKnownFileType = sourcecode.c.h; name = RecipeAddViewController.h; path = Classes/RecipeAddViewController.h; sourceTree = "<group>"; };
		1229E0EF14BF25BC00A5760B /* RecipeAddViewController.m */ = {isa = PBXFileReference; fileEncoding = 4; lastKnownFileType = sourcecode.c.objc; name = RecipeAddViewController.m; path = Classes/RecipeAddViewController.m; sourceTree = "<group>"; };
		1229E0F014BF25BC00A5760B /* RecipeDetailViewController.h */ = {isa = PBXFileReference; fileEncoding = 4; lastKnownFileType = sourcecode.c.h; name = RecipeDetailViewController.h; path = Classes/RecipeDetailViewController.h; sourceTree = "<group>"; };
		1229E0F114BF25BC00A5760B /* RecipeDetailViewController.m */ = {isa = PBXFileReference; fileEncoding = 4; lastKnownFileType = sourcecode.c.objc; name = RecipeDetailViewController.m; path = Classes/RecipeDetailViewController.m; sourceTree = "<group>"; };
		1229E0F214BF25BC00A5760B /* RecipeListTableViewController.h */ = {isa = PBXFileReference; fileEncoding = 4; lastKnownFileType = sourcecode.c.h; name = RecipeListTableViewController.h; path = Classes/RecipeListTableViewController.h; sourceTree = "<group>"; };
		1229E0F314BF25BC00A5760B /* RecipeListTableViewController.m */ = {isa = PBXFileReference; fileEncoding = 4; lastKnownFileType = sourcecode.c.objc; name = RecipeListTableViewController.m; path = Classes/RecipeListTableViewController.m; sourceTree = "<group>"; };
		1229E0F414BF25BC00A5760B /* RecipePhotoViewController.h */ = {isa = PBXFileReference; fileEncoding = 4; lastKnownFileType = sourcecode.c.h; name = RecipePhotoViewController.h; path = Classes/RecipePhotoViewController.h; sourceTree = "<group>"; };
		1229E0F514BF25BC00A5760B /* RecipePhotoViewController.m */ = {isa = PBXFileReference; fileEncoding = 4; lastKnownFileType = sourcecode.c.objc; name = RecipePhotoViewController.m; path = Classes/RecipePhotoViewController.m; sourceTree = "<group>"; };
		1229E0FA14BF25D700A5760B /* IngredientDetailViewController.h */ = {isa = PBXFileReference; fileEncoding = 4; lastKnownFileType = sourcecode.c.h; name = IngredientDetailViewController.h; path = Classes/IngredientDetailViewController.h; sourceTree = "<group>"; };
		1229E0FB14BF25D700A5760B /* IngredientDetailViewController.m */ = {isa = PBXFileReference; fileEncoding = 4; lastKnownFileType = sourcecode.c.objc; name = IngredientDetailViewController.m; path = Classes/IngredientDetailViewController.m; sourceTree = "<group>"; };
		1229E0FC14BF25D700A5760B /* InstructionsViewController.h */ = {isa = PBXFileReference; fileEncoding = 4; lastKnownFileType = sourcecode.c.h; name = InstructionsViewController.h; path = Classes/InstructionsViewController.h; sourceTree = "<group>"; };
		1229E0FD14BF25D700A5760B /* InstructionsViewController.m */ = {isa = PBXFileReference; fileEncoding = 4; lastKnownFileType = sourcecode.c.objc; name = InstructionsViewController.m; path = Classes/InstructionsViewController.m; sourceTree = "<group>"; };
		1229E0FE14BF25D700A5760B /* TypeSelectorViewController.h */ = {isa = PBXFileReference; fileEncoding = 4; lastKnownFileType = sourcecode.c.h; name = TypeSelectorViewController.h; path = Classes/TypeSelectorViewController.h; sourceTree = "<group>"; };
		1229E0FF14BF25D700A5760B /* TypeSelectorViewController.m */ = {isa = PBXFileReference; fileEncoding = 4; lastKnownFileType = sourcecode.c.objc; name = TypeSelectorViewController.m; path = Classes/TypeSelectorViewController.m; sourceTree = "<group>"; };
		1229E10314BF261200A5760B /* EditingTableViewCell.h */ = {isa = PBXFileReference; fileEncoding = 4; lastKnownFileType = sourcecode.c.h; name = EditingTableViewCell.h; path = Classes/EditingTableViewCell.h; sourceTree = "<group>"; };
		1229E10414BF261200A5760B /* EditingTableViewCell.m */ = {isa = PBXFileReference; fileEncoding = 4; lastKnownFileType = sourcecode.c.objc; name = EditingTableViewCell.m; path = Classes/EditingTableViewCell.m; sourceTree = "<group>"; };
		1229E10514BF261200A5760B /* RecipeTableViewCell.h */ = {isa = PBXFileReference; fileEncoding = 4; lastKnownFileType = sourcecode.c.h; name = RecipeTableViewCell.h; path = Classes/RecipeTableViewCell.h; sourceTree = "<group>"; };
		1229E10614BF261200A5760B /* RecipeTableViewCell.m */ = {isa = PBXFileReference; fileEncoding = 4; lastKnownFileType = sourcecode.c.objc; name = RecipeTableViewCell.m; path = Classes/RecipeTableViewCell.m; sourceTree = "<group>"; };
		1229E10714BF261200A5760B /* TemperatureCell.h */ = {isa = PBXFileReference; fileEncoding = 4; lastKnownFileType = sourcecode.c.h; name = TemperatureCell.h; path = Classes/TemperatureCell.h; sourceTree = "<group>"; };
		1229E10814BF261200A5760B /* TemperatureCell.m */ = {isa = PBXFileReference; fileEncoding = 4; lastKnownFileType = sourcecode.c.objc; name = TemperatureCell.m; path = Classes/TemperatureCell.m; sourceTree = "<group>"; };
		1229E10C14BF263000A5760B /* Recipes.sqlite */ = {isa = PBXFileReference; lastKnownFileType = file; name = Recipes.sqlite; path = "Recipe Data/Recipes.sqlite"; sourceTree = "<group>"; };
		1229E10D14BF263000A5760B /* TemperatureData.plist */ = {isa = PBXFileReference; fileEncoding = 4; lastKnownFileType = text.plist.xml; name = TemperatureData.plist; path = "Recipe Data/TemperatureData.plist"; sourceTree = "<group>"; };
		1229E11314BF266200A5760B /* main.m */ = {isa = PBXFileReference; fileEncoding = 4; lastKnownFileType = sourcecode.c.objc; name = main.m; path = Classes/main.m; sourceTree = SOURCE_ROOT; };
		12421C9F14BACE5700C23802 /* convert.png */ = {isa = PBXFileReference; lastKnownFileType = image.png; name = convert.png; path = Resources/convert.png; sourceTree = "<group>"; };
		12421CA014BACE5700C23802 /* fork.png */ = {isa = PBXFileReference; lastKnownFileType = image.png; name = fork.png; path = Resources/fork.png; sourceTree = "<group>"; };
		12421CA114BACE5700C23802 /* Icon-72.png */ = {isa = PBXFileReference; lastKnownFileType = image.png; name = "Icon-72.png"; path = "Resources/Icon-72.png"; sourceTree = "<group>"; };
		12421CA214BACE5700C23802 /* Icon-Small-50.png */ = {isa = PBXFileReference; lastKnownFileType = image.png; name = "Icon-Small-50.png"; path = "Resources/Icon-Small-50.png"; sourceTree = "<group>"; };
		12421CA314BACE5700C23802 /* Icon-Small.png */ = {isa = PBXFileReference; lastKnownFileType = image.png; name = "Icon-Small.png"; path = "Resources/Icon-Small.png"; sourceTree = "<group>"; };
		12421CA414BACE5700C23802 /* Icon-Small@2x.png */ = {isa = PBXFileReference; lastKnownFileType = image.png; name = "Icon-Small@2x.png"; path = "Resources/Icon-Small@2x.png"; sourceTree = "<group>"; };
		129ED08614BAB87700E3DF63 /* iOS-5-Recipes.app */ = {isa = PBXFileReference; explicitFileType = wrapper.application; includeInIndex = 0; path = "iOS-5-Recipes.app"; sourceTree = BUILT_PRODUCTS_DIR; };
		129ED08A14BAB87700E3DF63 /* UIKit.framework */ = {isa = PBXFileReference; lastKnownFileType = wrapper.framework; name = UIKit.framework; path = System/Library/Frameworks/UIKit.framework; sourceTree = SDKROOT; };
		129ED08C14BAB87700E3DF63 /* Foundation.framework */ = {isa = PBXFileReference; lastKnownFileType = wrapper.framework; name = Foundation.framework; path = System/Library/Frameworks/Foundation.framework; sourceTree = SDKROOT; };
		129ED08E14BAB87700E3DF63 /* CoreGraphics.framework */ = {isa = PBXFileReference; lastKnownFileType = wrapper.framework; name = CoreGraphics.framework; path = System/Library/Frameworks/CoreGraphics.framework; sourceTree = SDKROOT; };
		129ED10614BACAE600E3DF63 /* CoreData.framework */ = {isa = PBXFileReference; lastKnownFileType = wrapper.framework; name = CoreData.framework; path = System/Library/Frameworks/CoreData.framework; sourceTree = SDKROOT; };
		12DC81A914BF29BE00762181 /* iOS-5-Recipes-Info.plist */ = {isa = PBXFileReference; fileEncoding = 4; lastKnownFileType = text.plist.xml; name = "iOS-5-Recipes-Info.plist"; path = "Supporting Files/iOS-5-Recipes-Info.plist"; sourceTree = SOURCE_ROOT; };
		12DC81AA14BF29BE00762181 /* iOS-5-Recipes-Prefix.pch */ = {isa = PBXFileReference; fileEncoding = 4; lastKnownFileType = sourcecode.c.h; name = "iOS-5-Recipes-Prefix.pch"; path = "Supporting Files/iOS-5-Recipes-Prefix.pch"; sourceTree = SOURCE_ROOT; };
/* End PBXFileReference section */

/* Begin PBXFrameworksBuildPhase section */
		129ED08314BAB87700E3DF63 /* Frameworks */ = {
			isa = PBXFrameworksBuildPhase;
			buildActionMask = 2147483647;
			files = (
				129ED10714BACAE600E3DF63 /* CoreData.framework in Frameworks */,
				129ED08B14BAB87700E3DF63 /* UIKit.framework in Frameworks */,
				129ED08D14BAB87700E3DF63 /* Foundation.framework in Frameworks */,
				129ED08F14BAB87700E3DF63 /* CoreGraphics.framework in Frameworks */,
			);
			runOnlyForDeploymentPostprocessing = 0;
		};
/* End PBXFrameworksBuildPhase section */

/* Begin PBXGroup section */
		129ED07B14BAB87700E3DF63 = {
			isa = PBXGroup;
			children = (
				1229E0D014BF24D600A5760B /* main-iphone.storyboard */,
				121D38BB14BF1D0F001FC7A0 /* README */,
				129ED0AB14BABC5800E3DF63 /* MainWindow */,
				12EBB3DD14BD4AED0038072A /* Model and Model Classes */,
				129ED0AF14BABCA100E3DF63 /* Recipe View Controllers */,
				129ED0AC14BABC6A00E3DF63 /* Converter View Controllers */,
				129ED0AD14BABC8300E3DF63 /* Table Cells */,
				129ED0AA14BAB8E400E3DF63 /* Images */,
				129ED0AE14BABC9200E3DF63 /* Application Resources */,
				129ED09114BAB87700E3DF63 /* Supporting Files */,
				129ED08914BAB87700E3DF63 /* Frameworks */,
				129ED08714BAB87700E3DF63 /* Products */,
			);
			sourceTree = "<group>";
		};
		129ED08714BAB87700E3DF63 /* Products */ = {
			isa = PBXGroup;
			children = (
				129ED08614BAB87700E3DF63 /* iOS-5-Recipes.app */,
			);
			name = Products;
			sourceTree = "<group>";
		};
		129ED08914BAB87700E3DF63 /* Frameworks */ = {
			isa = PBXGroup;
			children = (
				129ED10614BACAE600E3DF63 /* CoreData.framework */,
				129ED08A14BAB87700E3DF63 /* UIKit.framework */,
				129ED08C14BAB87700E3DF63 /* Foundation.framework */,
				129ED08E14BAB87700E3DF63 /* CoreGraphics.framework */,
			);
			name = Frameworks;
			sourceTree = "<group>";
		};
		129ED09114BAB87700E3DF63 /* Supporting Files */ = {
			isa = PBXGroup;
			children = (
				12DC81A914BF29BE00762181 /* iOS-5-Recipes-Info.plist */,
				12DC81AA14BF29BE00762181 /* iOS-5-Recipes-Prefix.pch */,
				1229E11314BF266200A5760B /* main.m */,
			);
			name = "Supporting Files";
			path = "iOS-5-Recipes";
			sourceTree = "<group>";
		};
		129ED0AA14BAB8E400E3DF63 /* Images */ = {
			isa = PBXGroup;
			children = (
				121D38AD14BF0205001FC7A0 /* choosePhoto.png */,
				1214056E14BACF7F005B87D3 /* Icon.png */,
				12421C9F14BACE5700C23802 /* convert.png */,
				12421CA014BACE5700C23802 /* fork.png */,
				12421CA114BACE5700C23802 /* Icon-72.png */,
				12421CA214BACE5700C23802 /* Icon-Small-50.png */,
				12421CA314BACE5700C23802 /* Icon-Small.png */,
				12421CA414BACE5700C23802 /* Icon-Small@2x.png */,
			);
			name = Images;
			sourceTree = "<group>";
		};
		129ED0AB14BABC5800E3DF63 /* MainWindow */ = {
			isa = PBXGroup;
			children = (
				1229E0D314BF24FC00A5760B /* AppDelegate.h */,
				1229E0D414BF24FC00A5760B /* AppDelegate.m */,
			);
			name = MainWindow;
			sourceTree = "<group>";
		};
		129ED0AC14BABC6A00E3DF63 /* Converter View Controllers */ = {
			isa = PBXGroup;
			children = (
				1229E0E714BF257900A5760B /* ImperialPickerController.h */,
				1229E0E814BF257900A5760B /* ImperialPickerController.m */,
				1229E0E914BF257900A5760B /* MetricPickerController.h */,
				1229E0EA14BF257900A5760B /* MetricPickerController.m */,
				1229E0DF14BF255B00A5760B /* TemperatureConverterViewController.h */,
				1229E0E014BF255B00A5760B /* TemperatureConverterViewController.m */,
				1229E0ED14BF259C00A5760B /* UIConverterTableViewController.h */,
				1229E0E114BF255B00A5760B /* UIConverterTableViewController.m */,
				1229E0E214BF255B00A5760B /* WeightConverterViewController.h */,
				1229E0E314BF255B00A5760B /* WeightConverterViewController.m */,
			);
			name = "Converter View Controllers";
			sourceTree = "<group>";
		};
		129ED0AD14BABC8300E3DF63 /* Table Cells */ = {
			isa = PBXGroup;
			children = (
				1229E10314BF261200A5760B /* EditingTableViewCell.h */,
				1229E10414BF261200A5760B /* EditingTableViewCell.m */,
				1229E10514BF261200A5760B /* RecipeTableViewCell.h */,
				1229E10614BF261200A5760B /* RecipeTableViewCell.m */,
				1229E10714BF261200A5760B /* TemperatureCell.h */,
				1229E10814BF261200A5760B /* TemperatureCell.m */,
			);
			name = "Table Cells";
			sourceTree = "<group>";
		};
		129ED0AE14BABC9200E3DF63 /* Application Resources */ = {
			isa = PBXGroup;
			children = (
				1229E10C14BF263000A5760B /* Recipes.sqlite */,
				1229E10D14BF263000A5760B /* TemperatureData.plist */,
			);
			name = "Application Resources";
			sourceTree = "<group>";
		};
		129ED0AF14BABCA100E3DF63 /* Recipe View Controllers */ = {
			isa = PBXGroup;
			children = (
				1229E0EE14BF25BC00A5760B /* RecipeAddViewController.h */,
				1229E0EF14BF25BC00A5760B /* RecipeAddViewController.m */,
				1229E0F014BF25BC00A5760B /* RecipeDetailViewController.h */,
				1229E0F114BF25BC00A5760B /* RecipeDetailViewController.m */,
				1229E0F214BF25BC00A5760B /* RecipeListTableViewController.h */,
				1229E0F314BF25BC00A5760B /* RecipeListTableViewController.m */,
				1229E0F414BF25BC00A5760B /* RecipePhotoViewController.h */,
				1229E0F514BF25BC00A5760B /* RecipePhotoViewController.m */,
				1229E0FA14BF25D700A5760B /* IngredientDetailViewController.h */,
				1229E0FB14BF25D700A5760B /* IngredientDetailViewController.m */,
				1229E0FC14BF25D700A5760B /* InstructionsViewController.h */,
				1229E0FD14BF25D700A5760B /* InstructionsViewController.m */,
				1229E0FE14BF25D700A5760B /* TypeSelectorViewController.h */,
				1229E0FF14BF25D700A5760B /* TypeSelectorViewController.m */,
			);
			name = "Recipe View Controllers";
			sourceTree = "<group>";
		};
		12EBB3DD14BD4AED0038072A /* Model and Model Classes */ = {
			isa = PBXGroup;
			children = (
				1229E0D614BF251A00A5760B /* ImageToDataTransformer.h */,
				1229E0D714BF251A00A5760B /* ImageToDataTransformer.m */,
				1229E0D814BF251A00A5760B /* Ingredient.h */,
				1229E0D914BF251A00A5760B /* Ingredient.m */,
				1229E0DA14BF251A00A5760B /* Recipe.h */,
				1229E0DB14BF251A00A5760B /* Recipe.m */,
				121D38B914BF0429001FC7A0 /* ios-5-recipes.xcdatamodel */,
			);
			name = "Model and Model Classes";
			sourceTree = "<group>";
		};
/* End PBXGroup section */

/* Begin PBXNativeTarget section */
		129ED08514BAB87700E3DF63 /* iOS-5-Recipes */ = {
			isa = PBXNativeTarget;
			buildConfigurationList = 129ED0A414BAB87700E3DF63 /* Build configuration list for PBXNativeTarget "iOS-5-Recipes" */;
			buildPhases = (
				129ED08214BAB87700E3DF63 /* Sources */,
				129ED08314BAB87700E3DF63 /* Frameworks */,
				129ED08414BAB87700E3DF63 /* Resources */,
			);
			buildRules = (
			);
			dependencies = (
			);
			name = "iOS-5-Recipes";
			productName = "iOS-5-Recipes";
			productReference = 129ED08614BAB87700E3DF63 /* iOS-5-Recipes.app */;
			productType = "com.apple.product-type.application";
		};
/* End PBXNativeTarget section */

/* Begin PBXProject section */
		129ED07D14BAB87700E3DF63 /* Project object */ = {
			isa = PBXProject;
			attributes = {
				LastUpgradeCheck = 0420;
			};
			buildConfigurationList = 129ED08014BAB87700E3DF63 /* Build configuration list for PBXProject "iOS-5-Recipes" */;
			compatibilityVersion = "Xcode 3.2";
			developmentRegion = English;
			hasScannedForEncodings = 0;
			knownRegions = (
				en,
			);
			mainGroup = 129ED07B14BAB87700E3DF63;
			productRefGroup = 129ED08714BAB87700E3DF63 /* Products */;
			projectDirPath = "";
			projectRoot = "";
			targets = (
				129ED08514BAB87700E3DF63 /* iOS-5-Recipes */,
			);
		};
/* End PBXProject section */

/* Begin PBXResourcesBuildPhase section */
		129ED08414BAB87700E3DF63 /* Resources */ = {
			isa = PBXResourcesBuildPhase;
			buildActionMask = 2147483647;
			files = (
				12421CA714BACE5700C23802 /* convert.png in Resources */,
				12421CA814BACE5700C23802 /* fork.png in Resources */,
				12421CA914BACE5700C23802 /* Icon-72.png in Resources */,
				12421CAA14BACE5700C23802 /* Icon-Small-50.png in Resources */,
				12421CAB14BACE5700C23802 /* Icon-Small.png in Resources */,
				12421CAC14BACE5700C23802 /* Icon-Small@2x.png in Resources */,
				1214056F14BACF7F005B87D3 /* Icon.png in Resources */,
				121D38AE14BF0205001FC7A0 /* choosePhoto.png in Resources */,
				121D38BC14BF1D0F001FC7A0 /* README in Resources */,
				1229E0D214BF24D600A5760B /* main-iphone.storyboard in Resources */,
				1229E10E14BF263000A5760B /* Recipes.sqlite in Resources */,
				1229E10F14BF263000A5760B /* TemperatureData.plist in Resources */,
				12DC81AB14BF29BE00762181 /* iOS-5-Recipes-Info.plist in Resources */,
			);
			runOnlyForDeploymentPostprocessing = 0;
		};
/* End PBXResourcesBuildPhase section */

/* Begin PBXSourcesBuildPhase section */
		129ED08214BAB87700E3DF63 /* Sources */ = {
			isa = PBXSourcesBuildPhase;
			buildActionMask = 2147483647;
			files = (
				121D38BA14BF0429001FC7A0 /* ios-5-recipes.xcdatamodel in Sources */,
				1229E0D514BF24FC00A5760B /* AppDelegate.m in Sources */,
				1229E0DC14BF251A00A5760B /* ImageToDataTransformer.m in Sources */,
				1229E0DD14BF251A00A5760B /* Ingredient.m in Sources */,
				1229E0DE14BF251A00A5760B /* Recipe.m in Sources */,
				1229E0E414BF255B00A5760B /* TemperatureConverterViewController.m in Sources */,
				1229E0E514BF255B00A5760B /* UIConverterTableViewController.m in Sources */,
				1229E0E614BF255B00A5760B /* WeightConverterViewController.m in Sources */,
				1229E0EB14BF257900A5760B /* ImperialPickerController.m in Sources */,
				1229E0EC14BF257900A5760B /* MetricPickerController.m in Sources */,
				1229E0F614BF25BC00A5760B /* RecipeAddViewController.m in Sources */,
				1229E0F714BF25BC00A5760B /* RecipeDetailViewController.m in Sources */,
				1229E0F814BF25BC00A5760B /* RecipeListTableViewController.m in Sources */,
				1229E0F914BF25BC00A5760B /* RecipePhotoViewController.m in Sources */,
				1229E10014BF25D700A5760B /* IngredientDetailViewController.m in Sources */,
				1229E10114BF25D700A5760B /* InstructionsViewController.m in Sources */,
				1229E10214BF25D700A5760B /* TypeSelectorViewController.m in Sources */,
				1229E10914BF261200A5760B /* EditingTableViewCell.m in Sources */,
				1229E10A14BF261200A5760B /* RecipeTableViewCell.m in Sources */,
				1229E10B14BF261200A5760B /* TemperatureCell.m in Sources */,
				1229E11514BF266200A5760B /* main.m in Sources */,
			);
			runOnlyForDeploymentPostprocessing = 0;
		};
/* End PBXSourcesBuildPhase section */

/* Begin PBXVariantGroup section */
		1229E0D014BF24D600A5760B /* main-iphone.storyboard */ = {
			isa = PBXVariantGroup;
			children = (
				1229E0D114BF24D600A5760B /* en */,
			);
			name = "main-iphone.storyboard";
			sourceTree = "<group>";
		};
/* End PBXVariantGroup section */

/* Begin XCBuildConfiguration section */
		129ED0A214BAB87700E3DF63 /* Debug */ = {
			isa = XCBuildConfiguration;
			buildSettings = {
				ALWAYS_SEARCH_USER_PATHS = NO;
				ARCHS = "$(ARCHS_STANDARD_32_BIT)";
				CLANG_ENABLE_OBJC_ARC = YES;
				"CODE_SIGN_IDENTITY[sdk=iphoneos*]" = "iPhone Developer";
				COPY_PHASE_STRIP = NO;
				GCC_C_LANGUAGE_STANDARD = gnu99;
				GCC_DYNAMIC_NO_PIC = NO;
				GCC_OPTIMIZATION_LEVEL = 0;
				GCC_PREPROCESSOR_DEFINITIONS = (
					"DEBUG=1",
					"$(inherited)",
				);
				GCC_SYMBOLS_PRIVATE_EXTERN = NO;
				GCC_VERSION = com.apple.compilers.llvm.clang.1_0;
				GCC_WARN_ABOUT_MISSING_PROTOTYPES = YES;
				GCC_WARN_ABOUT_RETURN_TYPE = YES;
				GCC_WARN_UNUSED_VARIABLE = YES;
				IPHONEOS_DEPLOYMENT_TARGET = 5.0;
				SDKROOT = iphoneos;
			};
			name = Debug;
		};
		129ED0A314BAB87700E3DF63 /* Release */ = {
			isa = XCBuildConfiguration;
			buildSettings = {
				ALWAYS_SEARCH_USER_PATHS = NO;
				ARCHS = "$(ARCHS_STANDARD_32_BIT)";
				CLANG_ENABLE_OBJC_ARC = YES;
				"CODE_SIGN_IDENTITY[sdk=iphoneos*]" = "iPhone Developer";
				COPY_PHASE_STRIP = YES;
				GCC_C_LANGUAGE_STANDARD = gnu99;
				GCC_VERSION = com.apple.compilers.llvm.clang.1_0;
				GCC_WARN_ABOUT_MISSING_PROTOTYPES = YES;
				GCC_WARN_ABOUT_RETURN_TYPE = YES;
				GCC_WARN_UNUSED_VARIABLE = YES;
				IPHONEOS_DEPLOYMENT_TARGET = 5.0;
				OTHER_CFLAGS = "-DNS_BLOCK_ASSERTIONS=1";
				SDKROOT = iphoneos;
				VALIDATE_PRODUCT = YES;
			};
			name = Release;
		};
		129ED0A514BAB87700E3DF63 /* Debug */ = {
			isa = XCBuildConfiguration;
			buildSettings = {
				GCC_PRECOMPILE_PREFIX_HEADER = YES;
				GCC_PREFIX_HEADER = "Supporting Files/iOS-5-Recipes-Prefix.pch";
				INFOPLIST_FILE = "Supporting Files/iOS-5-Recipes-Info.plist";
				PRODUCT_NAME = "$(TARGET_NAME)";
				WRAPPER_EXTENSION = app;
			};
			name = Debug;
		};
		129ED0A614BAB87700E3DF63 /* Release */ = {
			isa = XCBuildConfiguration;
			buildSettings = {
				GCC_PRECOMPILE_PREFIX_HEADER = YES;
				GCC_PREFIX_HEADER = "Supporting Files/iOS-5-Recipes-Prefix.pch";
				INFOPLIST_FILE = "Supporting Files/iOS-5-Recipes-Info.plist";
				PRODUCT_NAME = "$(TARGET_NAME)";
				WRAPPER_EXTENSION = app;
			};
			name = Release;
		};
/* End XCBuildConfiguration section */

/* Begin XCConfigurationList section */
		129ED08014BAB87700E3DF63 /* Build configuration list for PBXProject "iOS-5-Recipes" */ = {
			isa = XCConfigurationList;
			buildConfigurations = (
				129ED0A214BAB87700E3DF63 /* Debug */,
				129ED0A314BAB87700E3DF63 /* Release */,
			);
			defaultConfigurationIsVisible = 0;
			defaultConfigurationName = Release;
		};
		129ED0A414BAB87700E3DF63 /* Build configuration list for PBXNativeTarget "iOS-5-Recipes" */ = {
			isa = XCConfigurationList;
			buildConfigurations = (
				129ED0A514BAB87700E3DF63 /* Debug */,
				129ED0A614BAB87700E3DF63 /* Release */,
			);
			defaultConfigurationIsVisible = 0;
			defaultConfigurationName = Release;
		};
/* End XCConfigurationList section */
	};
	rootObject = 129ED07D14BAB87700E3DF63 /* Project object */;
}
